
Microsoft Visual Studio Solution File, Format Version 12.00
# Visual Studio Version 17
VisualStudioVersion = 17.11.35327.3
MinimumVisualStudioVersion = 10.0.40219.1
Project("{FAE04EC0-301F-11D3-BF4B-00C04F79EFBC}") = "EX006", "EX006.csproj", "{AEA21819-A507-47E9-86FA-DC26CD1EF0E4}"
EndProject
Global
	GlobalSection(SolutionConfigurationPlatforms) = preSolution
		Debug|Any CPU = Debug|Any CPU
		Release|Any CPU = Release|Any CPU
	EndGlobalSection
	GlobalSection(ProjectConfigurationPlatforms) = postSolution
		{AEA21819-A507-47E9-86FA-DC26CD1EF0E4}.Debug|Any CPU.ActiveCfg = Debug|Any CPU
		{AEA21819-A507-47E9-86FA-DC26CD1EF0E4}.Debug|Any CPU.Build.0 = Debug|Any CPU
		{AEA21819-A507-47E9-86FA-DC26CD1EF0E4}.Release|Any CPU.ActiveCfg = Release|Any CPU
		{AEA21819-A507-47E9-86FA-DC26CD1EF0E4}.Release|Any CPU.Build.0 = Release|Any CPU
	EndGlobalSection
	GlobalSection(SolutionProperties) = preSolution
		HideSolutionNode = FALSE
	EndGlobalSection
	GlobalSection(ExtensibilityGlobals) = postSolution
		SolutionGuid = {A53A90E6-80F6-4507-9F28-724393582A82}
	EndGlobalSection
EndGlobal
