
Microsoft Visual Studio Solution File, Format Version 12.00
# Visual Studio Version 17
VisualStudioVersion = 17.11.35327.3
MinimumVisualStudioVersion = 10.0.40219.1
Project("{FAE04EC0-301F-11D3-BF4B-00C04F79EFBC}") = "Fatoração", "Fatoração.csproj", "{A154D43C-3F93-4106-B4AD-828D77FBFCB5}"
EndProject
Global
	GlobalSection(SolutionConfigurationPlatforms) = preSolution
		Debug|Any CPU = Debug|Any CPU
		Release|Any CPU = Release|Any CPU
	EndGlobalSection
	GlobalSection(ProjectConfigurationPlatforms) = postSolution
		{A154D43C-3F93-4106-B4AD-828D77FBFCB5}.Debug|Any CPU.ActiveCfg = Debug|Any CPU
		{A154D43C-3F93-4106-B4AD-828D77FBFCB5}.Debug|Any CPU.Build.0 = Debug|Any CPU
		{A154D43C-3F93-4106-B4AD-828D77FBFCB5}.Release|Any CPU.ActiveCfg = Release|Any CPU
		{A154D43C-3F93-4106-B4AD-828D77FBFCB5}.Release|Any CPU.Build.0 = Release|Any CPU
	EndGlobalSection
	GlobalSection(SolutionProperties) = preSolution
		HideSolutionNode = FALSE
	EndGlobalSection
	GlobalSection(ExtensibilityGlobals) = postSolution
		SolutionGuid = {C2894C90-CD1B-481F-BF99-D0A9FDA5CA88}
	EndGlobalSection
EndGlobal
